
Microsoft Visual Studio Solution File, Format Version 12.00
# Visual Studio Version 17
VisualStudioVersion = 17.8.34525.116
MinimumVisualStudioVersion = 10.0.40219.1
Project("{FAE04EC0-301F-11D3-BF4B-00C04F79EFBC}") = "Ejercicio_10_11_DatagridView", "Ejercicio_10_11_DatagridView\Ejercicio_10_11_DatagridView.csproj", "{65CA8AF4-0809-4CEC-A237-FC047CB13EC2}"
EndProject
Global
	GlobalSection(SolutionConfigurationPlatforms) = preSolution
		Debug|Any CPU = Debug|Any CPU
		Release|Any CPU = Release|Any CPU
	EndGlobalSection
	GlobalSection(ProjectConfigurationPlatforms) = postSolution
		{65CA8AF4-0809-4CEC-A237-FC047CB13EC2}.Debug|Any CPU.ActiveCfg = Debug|Any CPU
		{65CA8AF4-0809-4CEC-A237-FC047CB13EC2}.Debug|Any CPU.Build.0 = Debug|Any CPU
		{65CA8AF4-0809-4CEC-A237-FC047CB13EC2}.Release|Any CPU.ActiveCfg = Release|Any CPU
		{65CA8AF4-0809-4CEC-A237-FC047CB13EC2}.Release|Any CPU.Build.0 = Release|Any CPU
	EndGlobalSection
	GlobalSection(SolutionProperties) = preSolution
		HideSolutionNode = FALSE
	EndGlobalSection
	GlobalSection(ExtensibilityGlobals) = postSolution
		SolutionGuid = {D34082C6-3219-4A00-875C-1F9B09FC37C1}
	EndGlobalSection
EndGlobal
